
Microsoft Visual Studio Solution File, Format Version 12.00
# Visual Studio Version 17
VisualStudioVersion = 17.5.002.0
MinimumVisualStudioVersion = 10.0.40219.1
Project("{2150E333-8FDC-42A3-9474-1A3956D46DE8}") = "Ecommerce", "Ecommerce", "{984935D4-B8B5-4B2D-9641-D66F59F2403A}"
EndProject
Project("{9A19103F-16F7-4668-BE54-9A1E7A4F7556}") = "dotnet-ecommerce", "Ecommerce\dotnet-ecommerce\dotnet-ecommerce.csproj", "{8DE2F1D4-5F95-4DBD-BC0B-57344EB8B7CD}"
EndProject
Global
	GlobalSection(SolutionConfigurationPlatforms) = preSolution
		Debug|Any CPU = Debug|Any CPU
		Release|Any CPU = Release|Any CPU
	EndGlobalSection
	GlobalSection(ProjectConfigurationPlatforms) = postSolution
		{8DE2F1D4-5F95-4DBD-BC0B-57344EB8B7CD}.Debug|Any CPU.ActiveCfg = Debug|Any CPU
		{8DE2F1D4-5F95-4DBD-BC0B-57344EB8B7CD}.Debug|Any CPU.Build.0 = Debug|Any CPU
		{8DE2F1D4-5F95-4DBD-BC0B-57344EB8B7CD}.Release|Any CPU.ActiveCfg = Release|Any CPU
		{8DE2F1D4-5F95-4DBD-BC0B-57344EB8B7CD}.Release|Any CPU.Build.0 = Release|Any CPU
	EndGlobalSection
	GlobalSection(SolutionProperties) = preSolution
		HideSolutionNode = FALSE
	EndGlobalSection
	GlobalSection(NestedProjects) = preSolution
		{8DE2F1D4-5F95-4DBD-BC0B-57344EB8B7CD} = {984935D4-B8B5-4B2D-9641-D66F59F2403A}
	EndGlobalSection
	GlobalSection(ExtensibilityGlobals) = postSolution
		SolutionGuid = {B2939743-DE8F-44FD-B113-5A04D145F3DC}
	EndGlobalSection
EndGlobal
